# This file is automatically @generated by Cargo.
# It is not intended for manual editing.
version = 4

[[package]]
name = "adler2"
version = "2.0.0"
source = "registry+https://github.com/rust-lang/crates.io-index"
checksum = "512761e0bb2578dd7380c6baaa0f4ce03e84f95e960231d1dec8bf4d7d6e2627"

[[package]]
name = "epub_textractor"
version = "0.1.0"
dependencies = [
 "miniz_oxide",
]

[[package]]
name = "miniz_oxide"
version = "0.8.4"
source = "registry+https://github.com/rust-lang/crates.io-index"
checksum = "b3b1c9bd4fe1f0f8b387f6eb9eb3b4a1aa26185e5750efb9140301703f62cd1b"
dependencies = [
 "adler2",
]
